github.com/aimof/apitest/test/server v0.0.0-20190429054913-b4db39759a29 h1:NvnMP5CyxC34SzB6RqnzrbRuC5mmuu1AuE0nIJJ+4VA=
github.com/aimof/apitest/test/server v0.0.0-20190429054913-b4db39759a29/go.mod h1:h3pFDYsM4684P5/omTpq/fIBuBGSoYKM3qds8osXWNU=
github.com/aimof/jason v1.0.0 h1:eP/q9cpShcs4oKvEDJT6iX9dbF1oc+A+8AtsaemkAZ8=
github.com/aimof/jason v1.0.0/go.mod h1:fOJ4LM5NC4i/VS+n3HIw5LdQmI8ACHyw/iHPy2cd3x0=
github.com/aimof/jason v1.0.1 h1:gUX8OI+oo4oy8bMgknQMBQp0OASWOVX4G9+515zDnD8=
github.com/aimof/jason v1.0.1/go.mod h1:fOJ4LM5NC4i/VS+n3HIw5LdQmI8ACHyw/iHPy2cd3x0=
github.com/aimof/jason v1.0.2 h1:dwWZ6NKb4seGNYoyii8TuVaG2BNrxZEUtIA3tQpwqD4=
github.com/aimof/jason v1.0.2/go.mod h1:y4ewrD7v9IfJOcIEknupnUnSfauNKDtxlp6j3CN50dA=
github.com/aimof/jason v1.0.3 h1:cwFBfl2TBMKi+TvY1Nafc11Q70BrQDV53ciAdsqzXlg=
github.com/aimof/jason v1.0.3/go.mod h1:y4ewrD7v9IfJOcIEknupnUnSfauNKDtxlp6j3CN50dA=
github.com/aimof/jason v1.0.4 h1:zhXVGEwZDGEwYmnbTCBEj33p0RUsuIU3i+G0xrHNA9o=
github.com/aimof/jason v1.0.4/go.mod h1:y4ewrD7v9IfJOcIEknupnUnSfauNKDtxlp6j3CN50dA=
github.com/go-yaml/yaml v2.1.0+incompatible h1:RYi2hDdss1u4YE7GwixGzWwVo47T8UQwnTLB6vQiq+o=
github.com/go-yaml/yaml v2.1.0+incompatible/go.mod h1:w2MrLa16VYP0jy6N7M5kHaCkaLENm+P+Tv+MfurjSw0=
github.com/google/pprof v0.0.0-20190309163659-77426154d546 h1:r3n/h1Zh7Wpk29Q/b+FdrNjDAmr28WaPcxlI0c4NaeA=
github.com/google/pprof v0.0.0-20190309163659-77426154d546/go.mod h1:zfwlbNMJ+OItoe0UupaVj+oy1omPYYDuagoSzA8v9mc=
github.com/ianlancetaylor/demangle v0.0.0-20181102032728-5e5cf60278f6 h1:UDMh68UUwekSh5iP2OMhRRZJiiBccgV7axzUG8vi56c=
github.com/ianlancetaylor/demangle v0.0.0-20181102032728-5e5cf60278f6/go.mod h1:aSSvb/t6k1mPoxDqO4vJh6VOCGPwU4O0C2/Eqndh1Sc=
github.com/kr/pretty v0.1.0 h1:L/CwN0zerZDmRFUapSPitk6f+Q3+0za1rQkzVuMiMFI=
github.com/kr/pretty v0.1.0/go.mod h1:dAy3ld7l9f0ibDNOQOHHMYYIIbhfbHSm3C4ZsoJORNo=
github.com/kr/pty v1.1.1/go.mod h1:pFQYn66WHrOpPYNljwOMqo10TkYh1fy3cYio2l3bCsQ=
github.com/kr/text v0.1.0 h1:45sCR5RtlFHMR4UwH9sdQ5TC8v0qDQCHnXt+kaKSTVE=
github.com/kr/text v0.1.0/go.mod h1:4Jbv+DJW3UT/LiOwJeYQe1efqtUx/iVham/4vfdArNI=
golang.org/x/arch v0.0.0-20190312162104-788fe5ffcd8c h1:Rx/HTKi09myZ25t1SOlDHmHOy/mKxNAcu0hP1oPX9qM=
golang.org/x/arch v0.0.0-20190312162104-788fe5ffcd8c/go.mod h1:flIaEI6LNU6xOCD5PaJvn9wGP0agmIOqjrtsKGRguv4=
golang.org/x/crypto v0.0.0-20190308221718-c2843e01d9a2 h1:VklqNMn3ovrHsnt90PveolxSbWFaJdECFbxSq0Mqo2M=
golang.org/x/crypto v0.0.0-20190308221718-c2843e01d9a2/go.mod h1:djNgcEr1/C05ACkg1iLfiJU5Ep61QUkGW8qpdssI0+w=
golang.org/x/net v0.0.0-20190311183353-d8887717615a/go.mod h1:t9HGtf8HONx5eT2rtn7q6eTqICYqUVnKs3thJo3Qplg=
golang.org/x/sys v0.0.0-20190215142949-d0b11bdaac8a h1:1BGLXjeY4akVXGgbC9HugT3Jv3hCI0z56oJR5vAMgBU=
golang.org/x/sys v0.0.0-20190215142949-d0b11bdaac8a/go.mod h1:STP8DvDyc/dI5b8T5hshtkjS+E42TnysNCUPdjciGhY=
golang.org/x/text v0.3.0/go.mod h1:NqM8EUOU14njkJ3fqMW+pc6Ldnwhi/IjpwHt7yyuwOQ=
golang.org/x/tools v0.0.0-20190330180304-aef51cc3777c h1:hbqcUGBwEHdDbhy8EluQIkbwTIbOvaYedVBif4f2mFQ=
golang.org/x/tools v0.0.0-20190330180304-aef51cc3777c/go.mod h1:LCzVGOaR6xXOjkQ3onu1FJEFr0SW1gC7cKk1uF8kGRs=
golang.org/x/tools v0.0.0-20190411180116-681f9ce8ac52 h1:9RlW/mHPSeoxtqVWkJ7ZugoTFX8WFZRzmCep/niCbtU=
golang.org/x/tools v0.0.0-20190411180116-681f9ce8ac52/go.mod h1:LCzVGOaR6xXOjkQ3onu1FJEFr0SW1gC7cKk1uF8kGRs=
gopkg.in/check.v1 v0.0.0-20161208181325-20d25e280405/go.mod h1:Co6ibVJAznAaIkqp8huTwlJQCZ016jof/cbN4VW5Yz0=
gopkg.in/check.v1 v1.0.0-20180628173108-788fd7840127 h1:qIbj1fsPNlZgppZ+VLlY7N33q108Sa+fhmuc+sWQYwY=
gopkg.in/check.v1 v1.0.0-20180628173108-788fd7840127/go.mod h1:Co6ibVJAznAaIkqp8huTwlJQCZ016jof/cbN4VW5Yz0=
gopkg.in/yaml.v2 v2.2.2 h1:ZCJp+EgiOT7lHqUV2J862kp8Qj64Jo6az82+3Td9dZw=
gopkg.in/yaml.v2 v2.2.2/go.mod h1:hI93XBmqTisBFMUTm0b8Fm+jr3Dg1NNxqwp+5A1VGuI=
rsc.io/pdf v0.1.1/go.mod h1:n8OzWcQ6Sp37PL01nO98y4iUCRdTGarVfzxY20ICaU4=
